# This file is autogenerated, do not edit; changes may be undone by the next 'dep ensure'.


[[projects]]
  digest = "1:b16fbfbcc20645cb419f78325bb2e85ec729b338e996a228124d68931a6f2a37"
  name = "github.com/BurntSushi/toml"
  packages = ["."]
  pruneopts = "UT"
  revision = "b26d9c308763d68093482582cea63d69be07a0f0"
  version = "v0.3.0"

[[projects]]
  branch = "master"
  digest = "1:4fafc25801997b97bf62938e1adc1d14789bc5ce28bc8471d99e9d54c07f694d"
  name = "github.com/birkirb/loggers-mapper-logrus"
  packages = ["."]
  pruneopts = "UT"
  revision = "461f2d8e6f729aaf8af2ab7db0d1ab7bc18b972f"

[[projects]]
  digest = "1:a2c1d0e43bd3baaa071d1b9ed72c27d78169b2b269f71c105ac4ba34b1be4a39"
  name = "github.com/davecgh/go-spew"
  packages = ["spew"]
  pruneopts = "UT"
  revision = "346938d642f2ec3594ed81d874461961cd0faa76"
  version = "v1.1.0"

[[projects]]
  digest = "1:c166378e8ab0f794f293dfb941d250dd70b035b05dec58879f717621d0fe1714"
  name = "github.com/deckarep/golang-set"
  packages = ["."]
  pruneopts = "UT"
  revision = "1d4478f51bed434f1dadf96dcd9b43aabac66795"
  version = "v1.7"

[[projects]]
  branch = "master"
  digest = "1:d64295b5ec8d005079c11a1b647a1792ca8260eafbbbb10ef8092e5ca85038be"
  name = "github.com/gocarina/gocsv"
  packages = ["."]
  pruneopts = "UT"
  revision = "cde31a6ec2a87636e8a5f13d18468e9dd683149e"

[[projects]]
  branch = "master"
  digest = "1:70107cf7ee5eb9e3c3dabe65bcb220bff22ee42e32d9b7fca988e16b8727cacc"
  name = "github.com/juju/errors"
  packages = ["."]
  pruneopts = "UT"
  revision = "c7d06af17c68cd34c835053720b21f6549d9b0ee"

[[projects]]
  digest = "1:ca955a9cd5b50b0f43d2cc3aeb35c951473eeca41b34eb67507f1dbcc0542394"
  name = "github.com/kr/pretty"
  packages = ["."]
  pruneopts = "UT"
  revision = "73f6ac0b30a98e433b289500d779f50c1a6f0712"
  version = "v0.1.0"

[[projects]]
  digest = "1:15b5cc79aad436d47019f814fde81a10221c740dc8ddf769221a65097fb6c2e9"
  name = "github.com/kr/text"
  packages = ["."]
  pruneopts = "UT"
  revision = "e2ffdb16a802fe2bb95e2e35ff34f0e53aeef34f"
  version = "v0.1.0"

[[projects]]
  digest = "1:ed615c5430ecabbb0fb7629a182da65ecee6523900ac1ac932520860878ffcad"
  name = "github.com/robfig/cron"
  packages = ["."]
  pruneopts = "UT"
  revision = "b41be1df696709bb6395fe435af20370037c0b4c"
  version = "v1.1"

[[projects]]
  digest = "1:274f67cb6fed9588ea2521ecdac05a6d62a8c51c074c1fccc6a49a40ba80e925"
  name = "github.com/satori/go.uuid"
  packages = ["."]
  pruneopts = "UT"
  revision = "f58768cc1a7a7e77a3bd49e98cdd21419399b6a3"
  version = "v1.2.0"

[[projects]]
  digest = "1:81ab58782b02fb1417c279bd5f23a4ff9e8351064ba05127eda6ef365f7d698d"
  name = "github.com/shopspring/decimal"
  packages = ["."]
  pruneopts = "UT"
  revision = "69b3a8ad1f5f2c8bd855cb6506d18593064a346b"
  version = "1.0.1"

[[projects]]
  branch = "master"
  digest = "1:945ae3e4f0012ca55293d56fc7f298ff948772c0ee156f8cc9b1c149bc9dde57"
  name = "github.com/siddontang/go"
  packages = [
    "hack",
    "ioutil2",
    "sync2",
  ]
  pruneopts = "UT"
  revision = "bdc77568d726a8702315ec4eafda030b6abc4f43"

[[projects]]
  branch = "master"
  digest = "1:6336d25b225c6ec8733bb33d77249c22d41e6ee3adafa89313de71ade2551b7f"
  name = "github.com/siddontang/go-log"
  packages = [
    "log",
    "loggers",
  ]
  pruneopts = "UT"
  revision = "8d05993dda0722163e59b0e79e8c6dda6c38d5c0"

[[projects]]
  branch = "master"
  digest = "1:67496824c3a40f77fd1ac0757019cb791a85da024eeed00b997edd1978fe6207"
  name = "github.com/siddontang/go-mysql"
  packages = [
    "canal",
    "client",
    "dump",
    "mysql",
    "packet",
    "replication",
    "schema",
  ]
  pruneopts = "UT"
  revision = "76c059e36c620bb2e5f8471092f9d9b22920e052"

[[projects]]
  digest = "1:d867dfa6751c8d7a435821ad3b736310c2ed68945d05b50fb9d23aee0540c8cc"
  name = "github.com/sirupsen/logrus"
  packages = ["."]
  pruneopts = "UT"
  revision = "3e01752db0189b9157070a0e1668a620f9a85da2"
  version = "v1.0.6"

[[projects]]
  digest = "1:fdfb5979f4753ad5bf34bed4ec9f2480ead9d6d3864d146f5937c588889d9422"
  name = "github.com/thejerf/suture"
  packages = ["."]
  pruneopts = "UT"
  revision = "e97a74fdc74a2ddc29931e289bf419891b491712"
  version = "v3.0.2"

[[projects]]
  branch = "master"
  digest = "1:c364e1046df58e7c1731edd337145461011d129bbb876932d9e5bbf105d07888"
  name = "github.com/xwb1989/sqlparser"
  packages = [
    ".",
    "dependency/bytes2",
    "dependency/hack",
    "dependency/querypb",
    "dependency/sqltypes",
  ]
  pruneopts = "UT"
  revision = "120387863bf27d04bc07db8015110a6e96d0146c"

[[projects]]
  branch = "master"
  digest = "1:3f3a05ae0b95893d90b9b3b5afdb79a9b3d96e4e36e099d841ae602e4aca0da8"
  name = "golang.org/x/crypto"
  packages = ["ssh/terminal"]
  pruneopts = "UT"
  revision = "f792edd33d2c59a74c4d81e9b9a536e5301a8b83"

[[projects]]
  branch = "master"
  digest = "1:ac2b4591b3f3d30453b924e13326e2e7a656d65cc74b1d3420e25ab9f5dbd39f"
  name = "golang.org/x/sys"
  packages = [
    "unix",
    "windows",
  ]
  pruneopts = "UT"
  revision = "34b17bdb430002e9db9ae7ddc8480b9fa05edc22"

[[projects]]
  branch = "master"
  digest = "1:1c2b2f3918a719de530bd184a55b1a44013b94bab9951f4889a705e552ba3c61"
  name = "gopkg.in/birkirb/loggers.v1"
  packages = [
    ".",
    "log",
    "mappers",
    "mappers/stdlib",
  ]
  pruneopts = "UT"
  revision = "fa51471f8169216876525e7b6c9fbd0c8789b57a"
  source = "https://github.com/siddontang/loggers.git"

[[projects]]
  branch = "v1"
  digest = "1:af715ae33cc1f5695c4b2a4e4b21d008add8802a99e15bb467ac7c32edb5000d"
  name = "gopkg.in/check.v1"
  packages = ["."]
  pruneopts = "UT"
  revision = "788fd78401277ebd861206a03c884797c6ec5541"

[solve-meta]
  analyzer-name = "dep"
  analyzer-version = 1
  input-imports = [
    "github.com/BurntSushi/toml",
    "github.com/birkirb/loggers-mapper-logrus",
    "github.com/davecgh/go-spew/spew",
    "github.com/deckarep/golang-set",
    "github.com/gocarina/gocsv",
    "github.com/juju/errors",
    "github.com/robfig/cron",
    "github.com/satori/go.uuid",
    "github.com/siddontang/go-log/log",
    "github.com/siddontang/go-mysql/canal",
    "github.com/siddontang/go-mysql/client",
    "github.com/siddontang/go-mysql/mysql",
    "github.com/siddontang/go-mysql/replication",
    "github.com/siddontang/go-mysql/schema",
    "github.com/siddontang/go/ioutil2",
    "github.com/siddontang/go/sync2",
    "github.com/sirupsen/logrus",
    "github.com/thejerf/suture",
    "github.com/xwb1989/sqlparser",
    "github.com/xwb1989/sqlparser/dependency/querypb",
    "github.com/xwb1989/sqlparser/dependency/sqltypes",
    "gopkg.in/birkirb/loggers.v1",
    "gopkg.in/birkirb/loggers.v1/log",
    "gopkg.in/check.v1",
  ]
  solver-name = "gps-cdcl"
  solver-version = 1
